
Microsoft Visual Studio Solution File, Format Version 12.00
# Visual Studio Version 17
VisualStudioVersion = 17.5.002.0
MinimumVisualStudioVersion = 10.0.40219.1
Project("{9A19103F-16F7-4668-BE54-9A1E7A4F7556}") = "Sem2H", "Sem2H.csproj", "{4F6F4816-8E8A-48FA-A15D-A83652CD5C9E}"
EndProject
Global
	GlobalSection(SolutionConfigurationPlatforms) = preSolution
		Debug|Any CPU = Debug|Any CPU
		Release|Any CPU = Release|Any CPU
	EndGlobalSection
	GlobalSection(ProjectConfigurationPlatforms) = postSolution
		{4F6F4816-8E8A-48FA-A15D-A83652CD5C9E}.Debug|Any CPU.ActiveCfg = Debug|Any CPU
		{4F6F4816-8E8A-48FA-A15D-A83652CD5C9E}.Debug|Any CPU.Build.0 = Debug|Any CPU
		{4F6F4816-8E8A-48FA-A15D-A83652CD5C9E}.Release|Any CPU.ActiveCfg = Release|Any CPU
		{4F6F4816-8E8A-48FA-A15D-A83652CD5C9E}.Release|Any CPU.Build.0 = Release|Any CPU
	EndGlobalSection
	GlobalSection(SolutionProperties) = preSolution
		HideSolutionNode = FALSE
	EndGlobalSection
	GlobalSection(ExtensibilityGlobals) = postSolution
		SolutionGuid = {ABF9FEBF-21F0-476A-9BA1-424703996FD1}
	EndGlobalSection
EndGlobal
